
Microsoft Visual Studio Solution File, Format Version 12.00
# Visual Studio Version 17
VisualStudioVersion = 17.7.34024.191
MinimumVisualStudioVersion = 10.0.40219.1
Project("{FAE04EC0-301F-11D3-BF4B-00C04F79EFBC}") = "MiCalculadora", "MiCalculadora\MiCalculadora.csproj", "{CA5CB2BF-8D8E-488D-9920-AD0367764676}"
EndProject
Project("{FAE04EC0-301F-11D3-BF4B-00C04F79EFBC}") = "ClassLibrary1", "ClassLibrary1\ClassLibrary1.csproj", "{1708F008-FF5D-4792-AA24-2D187AE29EAF}"
EndProject
Global
	GlobalSection(SolutionConfigurationPlatforms) = preSolution
		Debug|Any CPU = Debug|Any CPU
		Release|Any CPU = Release|Any CPU
	EndGlobalSection
	GlobalSection(ProjectConfigurationPlatforms) = postSolution
		{CA5CB2BF-8D8E-488D-9920-AD0367764676}.Debug|Any CPU.ActiveCfg = Debug|Any CPU
		{CA5CB2BF-8D8E-488D-9920-AD0367764676}.Debug|Any CPU.Build.0 = Debug|Any CPU
		{CA5CB2BF-8D8E-488D-9920-AD0367764676}.Release|Any CPU.ActiveCfg = Release|Any CPU
		{CA5CB2BF-8D8E-488D-9920-AD0367764676}.Release|Any CPU.Build.0 = Release|Any CPU
		{1708F008-FF5D-4792-AA24-2D187AE29EAF}.Debug|Any CPU.ActiveCfg = Debug|Any CPU
		{1708F008-FF5D-4792-AA24-2D187AE29EAF}.Debug|Any CPU.Build.0 = Debug|Any CPU
		{1708F008-FF5D-4792-AA24-2D187AE29EAF}.Release|Any CPU.ActiveCfg = Release|Any CPU
		{1708F008-FF5D-4792-AA24-2D187AE29EAF}.Release|Any CPU.Build.0 = Release|Any CPU
	EndGlobalSection
	GlobalSection(SolutionProperties) = preSolution
		HideSolutionNode = FALSE
	EndGlobalSection
	GlobalSection(ExtensibilityGlobals) = postSolution
		SolutionGuid = {E190B48F-7D64-4F22-B15D-D53D33A4F74A}
	EndGlobalSection
EndGlobal
